
Microsoft Visual Studio Solution File, Format Version 12.00
# Visual Studio 14
VisualStudioVersion = 14.0.25123.0
MinimumVisualStudioVersion = 10.0.40219.1
Project("{8BC9CEB8-8B4A-11D0-8D11-00A0C91BC942}") = "AudacityRover", "AudacityRover.vcxproj", "{E82CEABE-2BA9-4C93-BAAC-EF6EA3703B50}"
	ProjectSection(ProjectDependencies) = postProject
		{94603140-E269-4C5A-81EE-43BFE8ECF1E4} = {94603140-E269-4C5A-81EE-43BFE8ECF1E4}
		{CF3E4785-44DF-46DC-B846-9568B8ADBCF6} = {CF3E4785-44DF-46DC-B846-9568B8ADBCF6}
		{5A434BE1-9200-4130-A115-BD74F9A82381} = {5A434BE1-9200-4130-A115-BD74F9A82381}
	EndProjectSection
EndProject
Project("{8BC9CEB8-8B4A-11D0-8D11-00A0C91BC942}") = "OpenALRF", "lib\OpenALRF\OpenALRF.vcxproj", "{CF3E4785-44DF-46DC-B846-9568B8ADBCF6}"
EndProject
Project("{8BC9CEB8-8B4A-11D0-8D11-00A0C91BC942}") = "GoPiGo", "lib\GoPiGo\GoPiGo.vcxproj", "{5A434BE1-9200-4130-A115-BD74F9A82381}"
EndProject
Project("{8BC9CEB8-8B4A-11D0-8D11-00A0C91BC942}") = "raspicam", "lib\raspicam\src\raspicam.vcxproj", "{94603140-E269-4C5A-81EE-43BFE8ECF1E4}"
EndProject
Project("{8BC9CEB8-8B4A-11D0-8D11-00A0C91BC942}") = "UnitTests", "UnitTest\UnitTest.vcxproj", "{7C1E591D-4A6A-4713-880D-0EC7988BBBD1}"
EndProject
Project("{8BC9CEB8-8B4A-11D0-8D11-00A0C91BC942}") = "LinTest", "..\LinTest\LinTest.vcxproj", "{48185844-E535-4EB5-8235-F6D6027E795D}"
	ProjectSection(ProjectDependencies) = postProject
		{43C024BD-3CCC-4C26-BB1E-77EEF2BCFCC4} = {43C024BD-3CCC-4C26-BB1E-77EEF2BCFCC4}
	EndProjectSection
EndProject
Project("{8BC9CEB8-8B4A-11D0-8D11-00A0C91BC942}") = "GoPiGoLinux", "..\GoPiGoLinux\GoPiGoLinux.vcxproj", "{43C024BD-3CCC-4C26-BB1E-77EEF2BCFCC4}"
EndProject
Global
	GlobalSection(SolutionConfigurationPlatforms) = preSolution
		Debug|ARM = Debug|ARM
		Debug|x64 = Debug|x64
		Debug|x86 = Debug|x86
		Release|ARM = Release|ARM
		Release|x64 = Release|x64
		Release|x86 = Release|x86
	EndGlobalSection
	GlobalSection(ProjectConfigurationPlatforms) = postSolution
		{E82CEABE-2BA9-4C93-BAAC-EF6EA3703B50}.Debug|ARM.ActiveCfg = Debug|Win32
		{E82CEABE-2BA9-4C93-BAAC-EF6EA3703B50}.Debug|x64.ActiveCfg = Debug|x64
		{E82CEABE-2BA9-4C93-BAAC-EF6EA3703B50}.Debug|x64.Build.0 = Debug|x64
		{E82CEABE-2BA9-4C93-BAAC-EF6EA3703B50}.Debug|x86.ActiveCfg = Debug|Win32
		{E82CEABE-2BA9-4C93-BAAC-EF6EA3703B50}.Debug|x86.Build.0 = Debug|Win32
		{E82CEABE-2BA9-4C93-BAAC-EF6EA3703B50}.Release|ARM.ActiveCfg = Release|Win32
		{E82CEABE-2BA9-4C93-BAAC-EF6EA3703B50}.Release|x64.ActiveCfg = Release|x64
		{E82CEABE-2BA9-4C93-BAAC-EF6EA3703B50}.Release|x64.Build.0 = Release|x64
		{E82CEABE-2BA9-4C93-BAAC-EF6EA3703B50}.Release|x86.ActiveCfg = Release|Win32
		{E82CEABE-2BA9-4C93-BAAC-EF6EA3703B50}.Release|x86.Build.0 = Release|Win32
		{CF3E4785-44DF-46DC-B846-9568B8ADBCF6}.Debug|ARM.ActiveCfg = Debug|Win32
		{CF3E4785-44DF-46DC-B846-9568B8ADBCF6}.Debug|x64.ActiveCfg = Debug|x64
		{CF3E4785-44DF-46DC-B846-9568B8ADBCF6}.Debug|x64.Build.0 = Debug|x64
		{CF3E4785-44DF-46DC-B846-9568B8ADBCF6}.Debug|x86.ActiveCfg = Debug|Win32
		{CF3E4785-44DF-46DC-B846-9568B8ADBCF6}.Debug|x86.Build.0 = Debug|Win32
		{CF3E4785-44DF-46DC-B846-9568B8ADBCF6}.Release|ARM.ActiveCfg = Release|Win32
		{CF3E4785-44DF-46DC-B846-9568B8ADBCF6}.Release|x64.ActiveCfg = Release|x64
		{CF3E4785-44DF-46DC-B846-9568B8ADBCF6}.Release|x64.Build.0 = Release|x64
		{CF3E4785-44DF-46DC-B846-9568B8ADBCF6}.Release|x86.ActiveCfg = Release|Win32
		{CF3E4785-44DF-46DC-B846-9568B8ADBCF6}.Release|x86.Build.0 = Release|Win32
		{5A434BE1-9200-4130-A115-BD74F9A82381}.Debug|ARM.ActiveCfg = Debug|Win32
		{5A434BE1-9200-4130-A115-BD74F9A82381}.Debug|x64.ActiveCfg = Debug|x64
		{5A434BE1-9200-4130-A115-BD74F9A82381}.Debug|x64.Build.0 = Debug|x64
		{5A434BE1-9200-4130-A115-BD74F9A82381}.Debug|x86.ActiveCfg = Debug|Win32
		{5A434BE1-9200-4130-A115-BD74F9A82381}.Debug|x86.Build.0 = Debug|Win32
		{5A434BE1-9200-4130-A115-BD74F9A82381}.Release|ARM.ActiveCfg = Release|Win32
		{5A434BE1-9200-4130-A115-BD74F9A82381}.Release|x64.ActiveCfg = Release|x64
		{5A434BE1-9200-4130-A115-BD74F9A82381}.Release|x64.Build.0 = Release|x64
		{5A434BE1-9200-4130-A115-BD74F9A82381}.Release|x86.ActiveCfg = Release|Win32
		{5A434BE1-9200-4130-A115-BD74F9A82381}.Release|x86.Build.0 = Release|Win32
		{94603140-E269-4C5A-81EE-43BFE8ECF1E4}.Debug|ARM.ActiveCfg = Debug|Win32
		{94603140-E269-4C5A-81EE-43BFE8ECF1E4}.Debug|x64.ActiveCfg = Debug|x64
		{94603140-E269-4C5A-81EE-43BFE8ECF1E4}.Debug|x64.Build.0 = Debug|x64
		{94603140-E269-4C5A-81EE-43BFE8ECF1E4}.Debug|x86.ActiveCfg = Debug|Win32
		{94603140-E269-4C5A-81EE-43BFE8ECF1E4}.Debug|x86.Build.0 = Debug|Win32
		{94603140-E269-4C5A-81EE-43BFE8ECF1E4}.Release|ARM.ActiveCfg = Release|Win32
		{94603140-E269-4C5A-81EE-43BFE8ECF1E4}.Release|x64.ActiveCfg = Release|x64
		{94603140-E269-4C5A-81EE-43BFE8ECF1E4}.Release|x64.Build.0 = Release|x64
		{94603140-E269-4C5A-81EE-43BFE8ECF1E4}.Release|x86.ActiveCfg = Release|Win32
		{94603140-E269-4C5A-81EE-43BFE8ECF1E4}.Release|x86.Build.0 = Release|Win32
		{7C1E591D-4A6A-4713-880D-0EC7988BBBD1}.Debug|ARM.ActiveCfg = Debug|Win32
		{7C1E591D-4A6A-4713-880D-0EC7988BBBD1}.Debug|x64.ActiveCfg = Debug|x64
		{7C1E591D-4A6A-4713-880D-0EC7988BBBD1}.Debug|x64.Build.0 = Debug|x64
		{7C1E591D-4A6A-4713-880D-0EC7988BBBD1}.Debug|x86.ActiveCfg = Debug|Win32
		{7C1E591D-4A6A-4713-880D-0EC7988BBBD1}.Debug|x86.Build.0 = Debug|Win32
		{7C1E591D-4A6A-4713-880D-0EC7988BBBD1}.Release|ARM.ActiveCfg = Release|Win32
		{7C1E591D-4A6A-4713-880D-0EC7988BBBD1}.Release|x64.ActiveCfg = Release|x64
		{7C1E591D-4A6A-4713-880D-0EC7988BBBD1}.Release|x64.Build.0 = Release|x64
		{7C1E591D-4A6A-4713-880D-0EC7988BBBD1}.Release|x86.ActiveCfg = Release|Win32
		{7C1E591D-4A6A-4713-880D-0EC7988BBBD1}.Release|x86.Build.0 = Release|Win32
		{48185844-E535-4EB5-8235-F6D6027E795D}.Debug|ARM.ActiveCfg = Debug|ARM
		{48185844-E535-4EB5-8235-F6D6027E795D}.Debug|ARM.Build.0 = Debug|ARM
		{48185844-E535-4EB5-8235-F6D6027E795D}.Debug|x64.ActiveCfg = Debug|x64
		{48185844-E535-4EB5-8235-F6D6027E795D}.Debug|x64.Build.0 = Debug|x64
		{48185844-E535-4EB5-8235-F6D6027E795D}.Debug|x86.ActiveCfg = Debug|x86
		{48185844-E535-4EB5-8235-F6D6027E795D}.Debug|x86.Build.0 = Debug|x86
		{48185844-E535-4EB5-8235-F6D6027E795D}.Release|ARM.ActiveCfg = Release|ARM
		{48185844-E535-4EB5-8235-F6D6027E795D}.Release|ARM.Build.0 = Release|ARM
		{48185844-E535-4EB5-8235-F6D6027E795D}.Release|x64.ActiveCfg = Release|x64
		{48185844-E535-4EB5-8235-F6D6027E795D}.Release|x64.Build.0 = Release|x64
		{48185844-E535-4EB5-8235-F6D6027E795D}.Release|x86.ActiveCfg = Release|x86
		{48185844-E535-4EB5-8235-F6D6027E795D}.Release|x86.Build.0 = Release|x86
		{43C024BD-3CCC-4C26-BB1E-77EEF2BCFCC4}.Debug|ARM.ActiveCfg = Debug|ARM
		{43C024BD-3CCC-4C26-BB1E-77EEF2BCFCC4}.Debug|ARM.Build.0 = Debug|ARM
		{43C024BD-3CCC-4C26-BB1E-77EEF2BCFCC4}.Debug|x64.ActiveCfg = Debug|x64
		{43C024BD-3CCC-4C26-BB1E-77EEF2BCFCC4}.Debug|x64.Build.0 = Debug|x64
		{43C024BD-3CCC-4C26-BB1E-77EEF2BCFCC4}.Debug|x86.ActiveCfg = Debug|x86
		{43C024BD-3CCC-4C26-BB1E-77EEF2BCFCC4}.Debug|x86.Build.0 = Debug|x86
		{43C024BD-3CCC-4C26-BB1E-77EEF2BCFCC4}.Release|ARM.ActiveCfg = Release|ARM
		{43C024BD-3CCC-4C26-BB1E-77EEF2BCFCC4}.Release|ARM.Build.0 = Release|ARM
		{43C024BD-3CCC-4C26-BB1E-77EEF2BCFCC4}.Release|x64.ActiveCfg = Release|x64
		{43C024BD-3CCC-4C26-BB1E-77EEF2BCFCC4}.Release|x64.Build.0 = Release|x64
		{43C024BD-3CCC-4C26-BB1E-77EEF2BCFCC4}.Release|x86.ActiveCfg = Release|x86
		{43C024BD-3CCC-4C26-BB1E-77EEF2BCFCC4}.Release|x86.Build.0 = Release|x86
	EndGlobalSection
	GlobalSection(SolutionProperties) = preSolution
		HideSolutionNode = FALSE
	EndGlobalSection
EndGlobal
